{
  "requires": true,
  "lockfileVersion": 1,
  "dependencies": {
    "reconnecting-websocket": {
      "version": "4.2.0",
      "resolved": "https://registry.npmjs.org/reconnecting-websocket/-/reconnecting-websocket-4.2.0.tgz",
      "integrity": "sha512-HMD8A0sv40xhkHf/T4qxktyOvHx7K3d2A9i1QG2wRIYdMecxQJMhTIBH4aQ8KfQLfQW4UOqNSfxTgv0C+MbPIA=="
    }
  }
}
